// !$*UTF8*$!
{
	archiveVersion = 1;
	classes = {
	};
	objectVersion = 55;
	objects = {

/* Begin PBXBuildFile section */
		FB610F5628A6D7C200B90A18 /* AppDelegate.swift in Sources */ = {isa = PBXBuildFile; fileRef = FB610F5528A6D7C200B90A18 /* AppDelegate.swift */; };
		FB610F5828A6D7C200B90A18 /* SceneDelegate.swift in Sources */ = {isa = PBXBuildFile; fileRef = FB610F5728A6D7C200B90A18 /* SceneDelegate.swift */; };
		FB610F5F28A6D7C300B90A18 /* Assets.xcassets in Resources */ = {isa = PBXBuildFile; fileRef = FB610F5E28A6D7C300B90A18 /* Assets.xcassets */; };
		FB610F6228A6D7C300B90A18 /* LaunchScreen.storyboard in Resources */ = {isa = PBXBuildFile; fileRef = FB610F6028A6D7C300B90A18 /* LaunchScreen.storyboard */; };
		FB610FD228A978AC00B90A18 /* UIStackView.swift in Sources */ = {isa = PBXBuildFile; fileRef = FB610FD128A978AC00B90A18 /* UIStackView.swift */; };
		FB610FD428A978B600B90A18 /* MainLabel.swift in Sources */ = {isa = PBXBuildFile; fileRef = FB610FD328A978B600B90A18 /* MainLabel.swift */; };
		FB610FD628A9791900B90A18 /* NumbersModel.swift in Sources */ = {isa = PBXBuildFile; fileRef = FB610FD528A9791900B90A18 /* NumbersModel.swift */; };
		FB610FD828A9793700B90A18 /* StartGameViewController.swift in Sources */ = {isa = PBXBuildFile; fileRef = FB610FD728A9793700B90A18 /* StartGameViewController.swift */; };
		FB610FDA28A9796200B90A18 /* GuessTheNumberViewController.swift in Sources */ = {isa = PBXBuildFile; fileRef = FB610FD928A9796200B90A18 /* GuessTheNumberViewController.swift */; };
		FB610FDC28A9799500B90A18 /* MachineResultViewController.swift in Sources */ = {isa = PBXBuildFile; fileRef = FB610FDB28A9799500B90A18 /* MachineResultViewController.swift */; };
		FB610FDE28A979CD00B90A18 /* PlayerResultViewController.swift in Sources */ = {isa = PBXBuildFile; fileRef = FB610FDD28A979CD00B90A18 /* PlayerResultViewController.swift */; };
		FB610FE028A979E500B90A18 /* ResultsViewController.swift in Sources */ = {isa = PBXBuildFile; fileRef = FB610FDF28A979E500B90A18 /* ResultsViewController.swift */; };
		FB610FE628A97A5F00B90A18 /* StartNewGameButton.swift in Sources */ = {isa = PBXBuildFile; fileRef = FB610FE528A97A5F00B90A18 /* StartNewGameButton.swift */; };
		FB610FE828A97A6E00B90A18 /* NumberTextField.swift in Sources */ = {isa = PBXBuildFile; fileRef = FB610FE728A97A6E00B90A18 /* NumberTextField.swift */; };
		FB610FEA28A97A7D00B90A18 /* CustomButton.swift in Sources */ = {isa = PBXBuildFile; fileRef = FB610FE928A97A7D00B90A18 /* CustomButton.swift */; };
/* End PBXBuildFile section */

/* Begin PBXFileReference section */
		FB610F5228A6D7C200B90A18 /* TestTaskProdIn.app */ = {isa = PBXFileReference; explicitFileType = wrapper.application; includeInIndex = 0; path = TestTaskProdIn.app; sourceTree = BUILT_PRODUCTS_DIR; };
		FB610F5528A6D7C200B90A18 /* AppDelegate.swift */ = {isa = PBXFileReference; lastKnownFileType = sourcecode.swift; path = AppDelegate.swift; sourceTree = "<group>"; };
		FB610F5728A6D7C200B90A18 /* SceneDelegate.swift */ = {isa = PBXFileReference; lastKnownFileType = sourcecode.swift; path = SceneDelegate.swift; sourceTree = "<group>"; };
		FB610F5E28A6D7C300B90A18 /* Assets.xcassets */ = {isa = PBXFileReference; lastKnownFileType = folder.assetcatalog; path = Assets.xcassets; sourceTree = "<group>"; };
		FB610F6128A6D7C300B90A18 /* Base */ = {isa = PBXFileReference; lastKnownFileType = file.storyboard; name = Base; path = Base.lproj/LaunchScreen.storyboard; sourceTree = "<group>"; };
		FB610F6328A6D7C300B90A18 /* Info.plist */ = {isa = PBXFileReference; lastKnownFileType = text.plist.xml; path = Info.plist; sourceTree = "<group>"; };
		FB610FD128A978AC00B90A18 /* UIStackView.swift */ = {isa = PBXFileReference; lastKnownFileType = sourcecode.swift; path = UIStackView.swift; sourceTree = "<group>"; };
		FB610FD328A978B600B90A18 /* MainLabel.swift */ = {isa = PBXFileReference; lastKnownFileType = sourcecode.swift; path = MainLabel.swift; sourceTree = "<group>"; };
		FB610FD528A9791900B90A18 /* NumbersModel.swift */ = {isa = PBXFileReference; lastKnownFileType = sourcecode.swift; path = NumbersModel.swift; sourceTree = "<group>"; };
		FB610FD728A9793700B90A18 /* StartGameViewController.swift */ = {isa = PBXFileReference; lastKnownFileType = sourcecode.swift; path = StartGameViewController.swift; sourceTree = "<group>"; };
		FB610FD928A9796200B90A18 /* GuessTheNumberViewController.swift */ = {isa = PBXFileReference; lastKnownFileType = sourcecode.swift; path = GuessTheNumberViewController.swift; sourceTree = "<group>"; };
		FB610FDB28A9799500B90A18 /* MachineResultViewController.swift */ = {isa = PBXFileReference; lastKnownFileType = sourcecode.swift; path = MachineResultViewController.swift; sourceTree = "<group>"; };
		FB610FDD28A979CD00B90A18 /* PlayerResultViewController.swift */ = {isa = PBXFileReference; lastKnownFileType = sourcecode.swift; path = PlayerResultViewController.swift; sourceTree = "<group>"; };
		FB610FDF28A979E500B90A18 /* ResultsViewController.swift */ = {isa = PBXFileReference; lastKnownFileType = sourcecode.swift; path = ResultsViewController.swift; sourceTree = "<group>"; };
		FB610FE528A97A5F00B90A18 /* StartNewGameButton.swift */ = {isa = PBXFileReference; lastKnownFileType = sourcecode.swift; path = StartNewGameButton.swift; sourceTree = "<group>"; };
		FB610FE728A97A6E00B90A18 /* NumberTextField.swift */ = {isa = PBXFileReference; lastKnownFileType = sourcecode.swift; path = NumberTextField.swift; sourceTree = "<group>"; };
		FB610FE928A97A7D00B90A18 /* CustomButton.swift */ = {isa = PBXFileReference; lastKnownFileType = sourcecode.swift; path = CustomButton.swift; sourceTree = "<group>"; };
/* End PBXFileReference section */

/* Begin PBXFrameworksBuildPhase section */
		FB610F4F28A6D7C200B90A18 /* Frameworks */ = {
			isa = PBXFrameworksBuildPhase;
			buildActionMask = 2147483647;
			files = (
			);
			runOnlyForDeploymentPostprocessing = 0;
		};
/* End PBXFrameworksBuildPhase section */

/* Begin PBXGroup section */
		FB610F4928A6D7C200B90A18 = {
			isa = PBXGroup;
			children = (
				FB610F5428A6D7C200B90A18 /* TestTaskProdIn */,
				FB610F5328A6D7C200B90A18 /* Products */,
			);
			sourceTree = "<group>";
		};
		FB610F5328A6D7C200B90A18 /* Products */ = {
			isa = PBXGroup;
			children = (
				FB610F5228A6D7C200B90A18 /* TestTaskProdIn.app */,
			);
			name = Products;
			sourceTree = "<group>";
		};
		FB610F5428A6D7C200B90A18 /* TestTaskProdIn */ = {
			isa = PBXGroup;
			children = (
				FB610F6328A6D7C300B90A18 /* Info.plist */,
				FB610FEB28A97B6700B90A18 /* AppResources */,
				FB610FE128A979F500B90A18 /* Controllers */,
				FB610FE328A97A0300B90A18 /* Extensions */,
				FB610FE228A979FD00B90A18 /* Models */,
				FB610FE428A97A3D00B90A18 /* Views */,
			);
			path = TestTaskProdIn;
			sourceTree = "<group>";
		};
		FB610FE128A979F500B90A18 /* Controllers */ = {
			isa = PBXGroup;
			children = (
				FB610FD728A9793700B90A18 /* StartGameViewController.swift */,
				FB610FD928A9796200B90A18 /* GuessTheNumberViewController.swift */,
				FB610FDB28A9799500B90A18 /* MachineResultViewController.swift */,
				FB610FDD28A979CD00B90A18 /* PlayerResultViewController.swift */,
				FB610FDF28A979E500B90A18 /* ResultsViewController.swift */,
			);
			path = Controllers;
			sourceTree = "<group>";
		};
		FB610FE228A979FD00B90A18 /* Models */ = {
			isa = PBXGroup;
			children = (
				FB610FD528A9791900B90A18 /* NumbersModel.swift */,
			);
			path = Models;
			sourceTree = "<group>";
		};
		FB610FE328A97A0300B90A18 /* Extensions */ = {
			isa = PBXGroup;
			children = (
				FB610FD128A978AC00B90A18 /* UIStackView.swift */,
			);
			path = Extensions;
			sourceTree = "<group>";
		};
		FB610FE428A97A3D00B90A18 /* Views */ = {
			isa = PBXGroup;
			children = (
				FB610FD328A978B600B90A18 /* MainLabel.swift */,
				FB610FE528A97A5F00B90A18 /* StartNewGameButton.swift */,
				FB610FE728A97A6E00B90A18 /* NumberTextField.swift */,
				FB610FE928A97A7D00B90A18 /* CustomButton.swift */,
			);
			path = Views;
			sourceTree = "<group>";
		};
		FB610FEB28A97B6700B90A18 /* AppResources */ = {
			isa = PBXGroup;
			children = (
				FB610F5528A6D7C200B90A18 /* AppDelegate.swift */,
				FB610F5728A6D7C200B90A18 /* SceneDelegate.swift */,
				FB610F5E28A6D7C300B90A18 /* Assets.xcassets */,
				FB610F6028A6D7C300B90A18 /* LaunchScreen.storyboard */,
			);
			path = AppResources;
			sourceTree = "<group>";
		};
/* End PBXGroup section */

/* Begin PBXNativeTarget section */
		FB610F5128A6D7C200B90A18 /* TestTaskProdIn */ = {
			isa = PBXNativeTarget;
			buildConfigurationList = FB610F6628A6D7C300B90A18 /* Build configuration list for PBXNativeTarget "TestTaskProdIn" */;
			buildPhases = (
				FB610F4E28A6D7C200B90A18 /* Sources */,
				FB610F4F28A6D7C200B90A18 /* Frameworks */,
				FB610F5028A6D7C200B90A18 /* Resources */,
			);
			buildRules = (
			);
			dependencies = (
			);
			name = TestTaskProdIn;
			productName = TestTaskProdIn;
			productReference = FB610F5228A6D7C200B90A18 /* TestTaskProdIn.app */;
			productType = "com.apple.product-type.application";
		};
/* End PBXNativeTarget section */

/* Begin PBXProject section */
		FB610F4A28A6D7C200B90A18 /* Project object */ = {
			isa = PBXProject;
			attributes = {
				BuildIndependentTargetsInParallel = 1;
				LastSwiftUpdateCheck = 1340;
				LastUpgradeCheck = 1340;
				TargetAttributes = {
					FB610F5128A6D7C200B90A18 = {
						CreatedOnToolsVersion = 13.4.1;
					};
				};
			};
			buildConfigurationList = FB610F4D28A6D7C200B90A18 /* Build configuration list for PBXProject "TestTaskProdIn" */;
			compatibilityVersion = "Xcode 13.0";
			developmentRegion = en;
			hasScannedForEncodings = 0;
			knownRegions = (
				en,
				Base,
			);
			mainGroup = FB610F4928A6D7C200B90A18;
			productRefGroup = FB610F5328A6D7C200B90A18 /* Products */;
			projectDirPath = "";
			projectRoot = "";
			targets = (
				FB610F5128A6D7C200B90A18 /* TestTaskProdIn */,
			);
		};
/* End PBXProject section */

/* Begin PBXResourcesBuildPhase section */
		FB610F5028A6D7C200B90A18 /* Resources */ = {
			isa = PBXResourcesBuildPhase;
			buildActionMask = 2147483647;
			files = (
				FB610F6228A6D7C300B90A18 /* LaunchScreen.storyboard in Resources */,
				FB610F5F28A6D7C300B90A18 /* Assets.xcassets in Resources */,
			);
			runOnlyForDeploymentPostprocessing = 0;
		};
/* End PBXResourcesBuildPhase section */

/* Begin PBXSourcesBuildPhase section */
		FB610F4E28A6D7C200B90A18 /* Sources */ = {
			isa = PBXSourcesBuildPhase;
			buildActionMask = 2147483647;
			files = (
				FB610FEA28A97A7D00B90A18 /* CustomButton.swift in Sources */,
				FB610FE028A979E500B90A18 /* ResultsViewController.swift in Sources */,
				FB610FDE28A979CD00B90A18 /* PlayerResultViewController.swift in Sources */,
				FB610FE828A97A6E00B90A18 /* NumberTextField.swift in Sources */,
				FB610FD828A9793700B90A18 /* StartGameViewController.swift in Sources */,
				FB610FDA28A9796200B90A18 /* GuessTheNumberViewController.swift in Sources */,
				FB610FDC28A9799500B90A18 /* MachineResultViewController.swift in Sources */,
				FB610F5628A6D7C200B90A18 /* AppDelegate.swift in Sources */,
				FB610FE628A97A5F00B90A18 /* StartNewGameButton.swift in Sources */,
				FB610FD628A9791900B90A18 /* NumbersModel.swift in Sources */,
				FB610F5828A6D7C200B90A18 /* SceneDelegate.swift in Sources */,
				FB610FD428A978B600B90A18 /* MainLabel.swift in Sources */,
				FB610FD228A978AC00B90A18 /* UIStackView.swift in Sources */,
			);
			runOnlyForDeploymentPostprocessing = 0;
		};
/* End PBXSourcesBuildPhase section */

/* Begin PBXVariantGroup section */
		FB610F6028A6D7C300B90A18 /* LaunchScreen.storyboard */ = {
			isa = PBXVariantGroup;
			children = (
				FB610F6128A6D7C300B90A18 /* Base */,
			);
			name = LaunchScreen.storyboard;
			sourceTree = "<group>";
		};
/* End PBXVariantGroup section */

/* Begin XCBuildConfiguration section */
		FB610F6428A6D7C300B90A18 /* Debug */ = {
			isa = XCBuildConfiguration;
			buildSettings = {
				ALWAYS_SEARCH_USER_PATHS = NO;
				CLANG_ANALYZER_NONNULL = YES;
				CLANG_ANALYZER_NUMBER_OBJECT_CONVERSION = YES_AGGRESSIVE;
				CLANG_CXX_LANGUAGE_STANDARD = "gnu++17";
				CLANG_ENABLE_MODULES = YES;
				CLANG_ENABLE_OBJC_ARC = YES;
				CLANG_ENABLE_OBJC_WEAK = YES;
				CLANG_WARN_BLOCK_CAPTURE_AUTORELEASING = YES;
				CLANG_WARN_BOOL_CONVERSION = YES;
				CLANG_WARN_COMMA = YES;
				CLANG_WARN_CONSTANT_CONVERSION = YES;
				CLANG_WARN_DEPRECATED_OBJC_IMPLEMENTATIONS = YES;
				CLANG_WARN_DIRECT_OBJC_ISA_USAGE = YES_ERROR;
				CLANG_WARN_DOCUMENTATION_COMMENTS = YES;
				CLANG_WARN_EMPTY_BODY = YES;
				CLANG_WARN_ENUM_CONVERSION = YES;
				CLANG_WARN_INFINITE_RECURSION = YES;
				CLANG_WARN_INT_CONVERSION = YES;
				CLANG_WARN_NON_LITERAL_NULL_CONVERSION = YES;
				CLANG_WARN_OBJC_IMPLICIT_RETAIN_SELF = YES;
				CLANG_WARN_OBJC_LITERAL_CONVERSION = YES;
				CLANG_WARN_OBJC_ROOT_CLASS = YES_ERROR;
				CLANG_WARN_QUOTED_INCLUDE_IN_FRAMEWORK_HEADER = YES;
				CLANG_WARN_RANGE_LOOP_ANALYSIS = YES;
				CLANG_WARN_STRICT_PROTOTYPES = YES;
				CLANG_WARN_SUSPICIOUS_MOVE = YES;
				CLANG_WARN_UNGUARDED_AVAILABILITY = YES_AGGRESSIVE;
				CLANG_WARN_UNREACHABLE_CODE = YES;
				CLANG_WARN__DUPLICATE_METHOD_MATCH = YES;
				COPY_PHASE_STRIP = NO;
				DEBUG_INFORMATION_FORMAT = dwarf;
				ENABLE_STRICT_OBJC_MSGSEND = YES;
				ENABLE_TESTABILITY = YES;
				GCC_C_LANGUAGE_STANDARD = gnu11;
				GCC_DYNAMIC_NO_PIC = NO;
				GCC_NO_COMMON_BLOCKS = YES;
				GCC_OPTIMIZATION_LEVEL = 0;
				GCC_PREPROCESSOR_DEFINITIONS = (
					"DEBUG=1",
					"$(inherited)",
				);
				GCC_WARN_64_TO_32_BIT_CONVERSION = YES;
				GCC_WARN_ABOUT_RETURN_TYPE = YES_ERROR;
				GCC_WARN_UNDECLARED_SELECTOR = YES;
				GCC_WARN_UNINITIALIZED_AUTOS = YES_AGGRESSIVE;
				GCC_WARN_UNUSED_FUNCTION = YES;
				GCC_WARN_UNUSED_VARIABLE = YES;
				IPHONEOS_DEPLOYMENT_TARGET = 13.5;
				MTL_ENABLE_DEBUG_INFO = INCLUDE_SOURCE;
				MTL_FAST_MATH = YES;
				ONLY_ACTIVE_ARCH = YES;
				SDKROOT = iphoneos;
				SWIFT_ACTIVE_COMPILATION_CONDITIONS = DEBUG;
				SWIFT_OPTIMIZATION_LEVEL = "-Onone";
			};
			name = Debug;
		};
		FB610F6528A6D7C300B90A18 /* Release */ = {
			isa = XCBuildConfiguration;
			buildSettings = {
				ALWAYS_SEARCH_USER_PATHS = NO;
				CLANG_ANALYZER_NONNULL = YES;
				CLANG_ANALYZER_NUMBER_OBJECT_CONVERSION = YES_AGGRESSIVE;
				CLANG_CXX_LANGUAGE_STANDARD = "gnu++17";
				CLANG_ENABLE_MODULES = YES;
				CLANG_ENABLE_OBJC_ARC = YES;
				CLANG_ENABLE_OBJC_WEAK = YES;
				CLANG_WARN_BLOCK_CAPTURE_AUTORELEASING = YES;
				CLANG_WARN_BOOL_CONVERSION = YES;
				CLANG_WARN_COMMA = YES;
				CLANG_WARN_CONSTANT_CONVERSION = YES;
				CLANG_WARN_DEPRECATED_OBJC_IMPLEMENTATIONS = YES;
				CLANG_WARN_DIRECT_OBJC_ISA_USAGE = YES_ERROR;
				CLANG_WARN_DOCUMENTATION_COMMENTS = YES;
				CLANG_WARN_EMPTY_BODY = YES;
				CLANG_WARN_ENUM_CONVERSION = YES;
				CLANG_WARN_INFINITE_RECURSION = YES;
				CLANG_WARN_INT_CONVERSION = YES;
				CLANG_WARN_NON_LITERAL_NULL_CONVERSION = YES;
				CLANG_WARN_OBJC_IMPLICIT_RETAIN_SELF = YES;
				CLANG_WARN_OBJC_LITERAL_CONVERSION = YES;
				CLANG_WARN_OBJC_ROOT_CLASS = YES_ERROR;
				CLANG_WARN_QUOTED_INCLUDE_IN_FRAMEWORK_HEADER = YES;
				CLANG_WARN_RANGE_LOOP_ANALYSIS = YES;
				CLANG_WARN_STRICT_PROTOTYPES = YES;
				CLANG_WARN_SUSPICIOUS_MOVE = YES;
				CLANG_WARN_UNGUARDED_AVAILABILITY = YES_AGGRESSIVE;
				CLANG_WARN_UNREACHABLE_CODE = YES;
				CLANG_WARN__DUPLICATE_METHOD_MATCH = YES;
				COPY_PHASE_STRIP = NO;
				DEBUG_INFORMATION_FORMAT = "dwarf-with-dsym";
				ENABLE_NS_ASSERTIONS = NO;
				ENABLE_STRICT_OBJC_MSGSEND = YES;
				GCC_C_LANGUAGE_STANDARD = gnu11;
				GCC_NO_COMMON_BLOCKS = YES;
				GCC_WARN_64_TO_32_BIT_CONVERSION = YES;
				GCC_WARN_ABOUT_RETURN_TYPE = YES_ERROR;
				GCC_WARN_UNDECLARED_SELECTOR = YES;
				GCC_WARN_UNINITIALIZED_AUTOS = YES_AGGRESSIVE;
				GCC_WARN_UNUSED_FUNCTION = YES;
				GCC_WARN_UNUSED_VARIABLE = YES;
				IPHONEOS_DEPLOYMENT_TARGET = 13.5;
				MTL_ENABLE_DEBUG_INFO = NO;
				MTL_FAST_MATH = YES;
				SDKROOT = iphoneos;
				SWIFT_COMPILATION_MODE = wholemodule;
				SWIFT_OPTIMIZATION_LEVEL = "-O";
				VALIDATE_PRODUCT = YES;
			};
			name = Release;
		};
		FB610F6728A6D7C300B90A18 /* Debug */ = {
			isa = XCBuildConfiguration;
			buildSettings = {
				ASSETCATALOG_COMPILER_APPICON_NAME = AppIcon;
				ASSETCATALOG_COMPILER_GLOBAL_ACCENT_COLOR_NAME = AccentColor;
				CODE_SIGN_STYLE = Automatic;
				CURRENT_PROJECT_VERSION = 1;
				DEVELOPMENT_TEAM = 5239QLQND2;
				GENERATE_INFOPLIST_FILE = YES;
				INFOPLIST_FILE = TestTaskProdIn/Info.plist;
				INFOPLIST_KEY_UIApplicationSupportsIndirectInputEvents = YES;
				INFOPLIST_KEY_UILaunchStoryboardName = LaunchScreen;
				INFOPLIST_KEY_UISupportedInterfaceOrientations_iPad = "UIInterfaceOrientationPortrait UIInterfaceOrientationPortraitUpsideDown UIInterfaceOrientationLandscapeLeft UIInterfaceOrientationLandscapeRight";
				INFOPLIST_KEY_UISupportedInterfaceOrientations_iPhone = "UIInterfaceOrientationPortrait UIInterfaceOrientationLandscapeLeft UIInterfaceOrientationLandscapeRight";
				IPHONEOS_DEPLOYMENT_TARGET = 13.5;
				LD_RUNPATH_SEARCH_PATHS = (
					"$(inherited)",
					"@executable_path/Frameworks",
				);
				MARKETING_VERSION = 1.0;
				PRODUCT_BUNDLE_IDENTIFIER = com.nikitanesporov.bassport.TestTaskProdIn;
				PRODUCT_NAME = "$(TARGET_NAME)";
				SWIFT_EMIT_LOC_STRINGS = YES;
				SWIFT_VERSION = 5.0;
				TARGETED_DEVICE_FAMILY = "1,2";
			};
			name = Debug;
		};
		FB610F6828A6D7C300B90A18 /* Release */ = {
			isa = XCBuildConfiguration;
			buildSettings = {
				ASSETCATALOG_COMPILER_APPICON_NAME = AppIcon;
				ASSETCATALOG_COMPILER_GLOBAL_ACCENT_COLOR_NAME = AccentColor;
				CODE_SIGN_STYLE = Automatic;
				CURRENT_PROJECT_VERSION = 1;
				DEVELOPMENT_TEAM = 5239QLQND2;
				GENERATE_INFOPLIST_FILE = YES;
				INFOPLIST_FILE = TestTaskProdIn/Info.plist;
				INFOPLIST_KEY_UIApplicationSupportsIndirectInputEvents = YES;
				INFOPLIST_KEY_UILaunchStoryboardName = LaunchScreen;
				INFOPLIST_KEY_UISupportedInterfaceOrientations_iPad = "UIInterfaceOrientationPortrait UIInterfaceOrientationPortraitUpsideDown UIInterfaceOrientationLandscapeLeft UIInterfaceOrientationLandscapeRight";
				INFOPLIST_KEY_UISupportedInterfaceOrientations_iPhone = "UIInterfaceOrientationPortrait UIInterfaceOrientationLandscapeLeft UIInterfaceOrientationLandscapeRight";
				IPHONEOS_DEPLOYMENT_TARGET = 13.5;
				LD_RUNPATH_SEARCH_PATHS = (
					"$(inherited)",
					"@executable_path/Frameworks",
				);
				MARKETING_VERSION = 1.0;
				PRODUCT_BUNDLE_IDENTIFIER = com.nikitanesporov.bassport.TestTaskProdIn;
				PRODUCT_NAME = "$(TARGET_NAME)";
				SWIFT_EMIT_LOC_STRINGS = YES;
				SWIFT_VERSION = 5.0;
				TARGETED_DEVICE_FAMILY = "1,2";
			};
			name = Release;
		};
/* End XCBuildConfiguration section */

/* Begin XCConfigurationList section */
		FB610F4D28A6D7C200B90A18 /* Build configuration list for PBXProject "TestTaskProdIn" */ = {
			isa = XCConfigurationList;
			buildConfigurations = (
				FB610F6428A6D7C300B90A18 /* Debug */,
				FB610F6528A6D7C300B90A18 /* Release */,
			);
			defaultConfigurationIsVisible = 0;
			defaultConfigurationName = Release;
		};
		FB610F6628A6D7C300B90A18 /* Build configuration list for PBXNativeTarget "TestTaskProdIn" */ = {
			isa = XCConfigurationList;
			buildConfigurations = (
				FB610F6728A6D7C300B90A18 /* Debug */,
				FB610F6828A6D7C300B90A18 /* Release */,
			);
			defaultConfigurationIsVisible = 0;
			defaultConfigurationName = Release;
		};
/* End XCConfigurationList section */
	};
	rootObject = FB610F4A28A6D7C200B90A18 /* Project object */;
}
